
Microsoft Visual Studio Solution File, Format Version 12.00
# Visual Studio Version 16
VisualStudioVersion = 16.0.32802.440
MinimumVisualStudioVersion = 10.0.40219.1
Project("{FAE04EC0-301F-11D3-BF4B-00C04F79EFBC}") = "RUAP_LV4", "RUAP_LV4\RUAP_LV4.csproj", "{0F6AC666-FCD0-4332-A725-705396AA167B}"
EndProject
Global
	GlobalSection(SolutionConfigurationPlatforms) = preSolution
		Debug|Any CPU = Debug|Any CPU
		Release|Any CPU = Release|Any CPU
	EndGlobalSection
	GlobalSection(ProjectConfigurationPlatforms) = postSolution
		{0F6AC666-FCD0-4332-A725-705396AA167B}.Debug|Any CPU.ActiveCfg = Debug|Any CPU
		{0F6AC666-FCD0-4332-A725-705396AA167B}.Debug|Any CPU.Build.0 = Debug|Any CPU
		{0F6AC666-FCD0-4332-A725-705396AA167B}.Release|Any CPU.ActiveCfg = Release|Any CPU
		{0F6AC666-FCD0-4332-A725-705396AA167B}.Release|Any CPU.Build.0 = Release|Any CPU
	EndGlobalSection
	GlobalSection(SolutionProperties) = preSolution
		HideSolutionNode = FALSE
	EndGlobalSection
	GlobalSection(ExtensibilityGlobals) = postSolution
		SolutionGuid = {F16D9D84-2175-45EA-B793-E306CB552B6E}
	EndGlobalSection
EndGlobal
